
Microsoft Visual Studio Solution File, Format Version 12.00
# Visual Studio Version 17
VisualStudioVersion = 17.10.35027.167
MinimumVisualStudioVersion = 10.0.40219.1
Project("{FAE04EC0-301F-11D3-BF4B-00C04F79EFBC}") = "LinkDev.IKEA.PL", "LinkDev.IKEA.PL\LinkDev.IKEA.PL.csproj", "{230BFFF7-4030-49DD-A629-D2D458032253}"
EndProject
Project("{FAE04EC0-301F-11D3-BF4B-00C04F79EFBC}") = "LinkDev.IKEA.BLL", "LinkDev.IKEA.BLL\LinkDev.IKEA.BLL.csproj", "{92662044-4421-4E0E-A722-BD38064979EB}"
EndProject
Project("{FAE04EC0-301F-11D3-BF4B-00C04F79EFBC}") = "LinkDev.IKEA.DAL", "LinkDev.IKEA.DAL\LinkDev.IKEA.DAL.csproj", "{EBCC1CFB-9841-4B1C-8B3C-D730EE794E91}"
EndProject
Global
	GlobalSection(SolutionConfigurationPlatforms) = preSolution
		Debug|Any CPU = Debug|Any CPU
		Release|Any CPU = Release|Any CPU
	EndGlobalSection
	GlobalSection(ProjectConfigurationPlatforms) = postSolution
		{230BFFF7-4030-49DD-A629-D2D458032253}.Debug|Any CPU.ActiveCfg = Debug|Any CPU
		{230BFFF7-4030-49DD-A629-D2D458032253}.Debug|Any CPU.Build.0 = Debug|Any CPU
		{230BFFF7-4030-49DD-A629-D2D458032253}.Release|Any CPU.ActiveCfg = Release|Any CPU
		{230BFFF7-4030-49DD-A629-D2D458032253}.Release|Any CPU.Build.0 = Release|Any CPU
		{92662044-4421-4E0E-A722-BD38064979EB}.Debug|Any CPU.ActiveCfg = Debug|Any CPU
		{92662044-4421-4E0E-A722-BD38064979EB}.Debug|Any CPU.Build.0 = Debug|Any CPU
		{92662044-4421-4E0E-A722-BD38064979EB}.Release|Any CPU.ActiveCfg = Release|Any CPU
		{92662044-4421-4E0E-A722-BD38064979EB}.Release|Any CPU.Build.0 = Release|Any CPU
		{EBCC1CFB-9841-4B1C-8B3C-D730EE794E91}.Debug|Any CPU.ActiveCfg = Debug|Any CPU
		{EBCC1CFB-9841-4B1C-8B3C-D730EE794E91}.Debug|Any CPU.Build.0 = Debug|Any CPU
		{EBCC1CFB-9841-4B1C-8B3C-D730EE794E91}.Release|Any CPU.ActiveCfg = Release|Any CPU
		{EBCC1CFB-9841-4B1C-8B3C-D730EE794E91}.Release|Any CPU.Build.0 = Release|Any CPU
	EndGlobalSection
	GlobalSection(SolutionProperties) = preSolution
		HideSolutionNode = FALSE
	EndGlobalSection
	GlobalSection(ExtensibilityGlobals) = postSolution
		SolutionGuid = {A89BF77C-1AD5-4E49-8B70-DEEE8BD47629}
	EndGlobalSection
EndGlobal
